// !$*UTF8*$!
{
	archiveVersion = 1;
	classes = {
	};
	objectVersion = 50;
	objects = {

/* Begin PBXBuildFile section */
		CCA9A4472227170D0078897B /* Request.swift in Sources */ = {isa = PBXBuildFile; fileRef = CCA9A4462227170D0078897B /* Request.swift */; };
		CCA9A44C22271E2C0078897B /* Persons.swift in Sources */ = {isa = PBXBuildFile; fileRef = CCA9A44B22271E2C0078897B /* Persons.swift */; };
		CCF107CD22246C8600FF2D19 /* AppDelegate.swift in Sources */ = {isa = PBXBuildFile; fileRef = CCF107CC22246C8600FF2D19 /* AppDelegate.swift */; };
		CCF107CF22246C8600FF2D19 /* ViewController.swift in Sources */ = {isa = PBXBuildFile; fileRef = CCF107CE22246C8600FF2D19 /* ViewController.swift */; };
		CCF107D222246C8600FF2D19 /* Main.storyboard in Resources */ = {isa = PBXBuildFile; fileRef = CCF107D022246C8600FF2D19 /* Main.storyboard */; };
		CCF107D422246C8800FF2D19 /* Assets.xcassets in Resources */ = {isa = PBXBuildFile; fileRef = CCF107D322246C8800FF2D19 /* Assets.xcassets */; };
		CCF107D722246C8800FF2D19 /* LaunchScreen.storyboard in Resources */ = {isa = PBXBuildFile; fileRef = CCF107D522246C8800FF2D19 /* LaunchScreen.storyboard */; };
		CCF107E222246C8800FF2D19 /* challengeTests.swift in Sources */ = {isa = PBXBuildFile; fileRef = CCF107E122246C8800FF2D19 /* challengeTests.swift */; };
		CCF107ED22249E3D00FF2D19 /* PersonTableViewCell.swift in Sources */ = {isa = PBXBuildFile; fileRef = CCF107EC22249E3D00FF2D19 /* PersonTableViewCell.swift */; };
		CCF107F22224ABC700FF2D19 /* PersonTableViewController.swift in Sources */ = {isa = PBXBuildFile; fileRef = CCF107F02224ABC700FF2D19 /* PersonTableViewController.swift */; };
		CCF107F52224B5C500FF2D19 /* PersonDetailsViewController.swift in Sources */ = {isa = PBXBuildFile; fileRef = CCF107F42224B5C500FF2D19 /* PersonDetailsViewController.swift */; };
		CCFC1B54222DF9FB00980C12 /* Storage.swift in Sources */ = {isa = PBXBuildFile; fileRef = CCFC1B53222DF9FB00980C12 /* Storage.swift */; };
		CCFC1B56222DFE5B00980C12 /* FavoritesTableViewController.swift in Sources */ = {isa = PBXBuildFile; fileRef = CCFC1B55222DFE5B00980C12 /* FavoritesTableViewController.swift */; };
/* End PBXBuildFile section */

/* Begin PBXContainerItemProxy section */
		CCF107DE22246C8800FF2D19 /* PBXContainerItemProxy */ = {
			isa = PBXContainerItemProxy;
			containerPortal = CCF107C122246C8600FF2D19 /* Project object */;
			proxyType = 1;
			remoteGlobalIDString = CCF107C822246C8600FF2D19;
			remoteInfo = challenge;
		};
/* End PBXContainerItemProxy section */

/* Begin PBXFileReference section */
		CCA9A4462227170D0078897B /* Request.swift */ = {isa = PBXFileReference; lastKnownFileType = sourcecode.swift; path = Request.swift; sourceTree = "<group>"; };
		CCA9A44B22271E2C0078897B /* Persons.swift */ = {isa = PBXFileReference; lastKnownFileType = sourcecode.swift; path = Persons.swift; sourceTree = "<group>"; };
		CCF107C922246C8600FF2D19 /* challenge.app */ = {isa = PBXFileReference; explicitFileType = wrapper.application; includeInIndex = 0; path = challenge.app; sourceTree = BUILT_PRODUCTS_DIR; };
		CCF107CC22246C8600FF2D19 /* AppDelegate.swift */ = {isa = PBXFileReference; lastKnownFileType = sourcecode.swift; path = AppDelegate.swift; sourceTree = "<group>"; };
		CCF107CE22246C8600FF2D19 /* ViewController.swift */ = {isa = PBXFileReference; lastKnownFileType = sourcecode.swift; path = ViewController.swift; sourceTree = "<group>"; };
		CCF107D122246C8600FF2D19 /* Base */ = {isa = PBXFileReference; lastKnownFileType = file.storyboard; name = Base; path = Base.lproj/Main.storyboard; sourceTree = "<group>"; };
		CCF107D322246C8800FF2D19 /* Assets.xcassets */ = {isa = PBXFileReference; lastKnownFileType = folder.assetcatalog; path = Assets.xcassets; sourceTree = "<group>"; };
		CCF107D622246C8800FF2D19 /* Base */ = {isa = PBXFileReference; lastKnownFileType = file.storyboard; name = Base; path = Base.lproj/LaunchScreen.storyboard; sourceTree = "<group>"; };
		CCF107D822246C8800FF2D19 /* Info.plist */ = {isa = PBXFileReference; lastKnownFileType = text.plist.xml; path = Info.plist; sourceTree = "<group>"; };
		CCF107DD22246C8800FF2D19 /* challengeTests.xctest */ = {isa = PBXFileReference; explicitFileType = wrapper.cfbundle; includeInIndex = 0; path = challengeTests.xctest; sourceTree = BUILT_PRODUCTS_DIR; };
		CCF107E122246C8800FF2D19 /* challengeTests.swift */ = {isa = PBXFileReference; lastKnownFileType = sourcecode.swift; path = challengeTests.swift; sourceTree = "<group>"; };
		CCF107E322246C8800FF2D19 /* Info.plist */ = {isa = PBXFileReference; lastKnownFileType = text.plist.xml; path = Info.plist; sourceTree = "<group>"; };
		CCF107EC22249E3D00FF2D19 /* PersonTableViewCell.swift */ = {isa = PBXFileReference; lastKnownFileType = sourcecode.swift; path = PersonTableViewCell.swift; sourceTree = "<group>"; };
		CCF107F02224ABC700FF2D19 /* PersonTableViewController.swift */ = {isa = PBXFileReference; lastKnownFileType = sourcecode.swift; path = PersonTableViewController.swift; sourceTree = "<group>"; };
		CCF107F42224B5C500FF2D19 /* PersonDetailsViewController.swift */ = {isa = PBXFileReference; lastKnownFileType = sourcecode.swift; path = PersonDetailsViewController.swift; sourceTree = "<group>"; };
		CCFC1B53222DF9FB00980C12 /* Storage.swift */ = {isa = PBXFileReference; lastKnownFileType = sourcecode.swift; path = Storage.swift; sourceTree = "<group>"; };
		CCFC1B55222DFE5B00980C12 /* FavoritesTableViewController.swift */ = {isa = PBXFileReference; lastKnownFileType = sourcecode.swift; path = FavoritesTableViewController.swift; sourceTree = "<group>"; };
/* End PBXFileReference section */

/* Begin PBXFrameworksBuildPhase section */
		CCF107C622246C8600FF2D19 /* Frameworks */ = {
			isa = PBXFrameworksBuildPhase;
			buildActionMask = 2147483647;
			files = (
			);
			runOnlyForDeploymentPostprocessing = 0;
		};
		CCF107DA22246C8800FF2D19 /* Frameworks */ = {
			isa = PBXFrameworksBuildPhase;
			buildActionMask = 2147483647;
			files = (
			);
			runOnlyForDeploymentPostprocessing = 0;
		};
/* End PBXFrameworksBuildPhase section */

/* Begin PBXGroup section */
		CCA9A445222716F20078897B /* Utils */ = {
			isa = PBXGroup;
			children = (
				CCA9A4462227170D0078897B /* Request.swift */,
				CCFC1B53222DF9FB00980C12 /* Storage.swift */,
			);
			path = Utils;
			sourceTree = "<group>";
		};
		CCA9A44822271DCC0078897B /* Controllers */ = {
			isa = PBXGroup;
			children = (
				CCF107F42224B5C500FF2D19 /* PersonDetailsViewController.swift */,
				CCF107F02224ABC700FF2D19 /* PersonTableViewController.swift */,
				CCFC1B55222DFE5B00980C12 /* FavoritesTableViewController.swift */,
				CCF107CE22246C8600FF2D19 /* ViewController.swift */,
			);
			path = Controllers;
			sourceTree = "<group>";
		};
		CCA9A44922271E000078897B /* Views */ = {
			isa = PBXGroup;
			children = (
				CCF107EC22249E3D00FF2D19 /* PersonTableViewCell.swift */,
			);
			path = Views;
			sourceTree = "<group>";
		};
		CCA9A44A22271E190078897B /* Models */ = {
			isa = PBXGroup;
			children = (
				CCA9A44B22271E2C0078897B /* Persons.swift */,
			);
			path = Models;
			sourceTree = "<group>";
		};
		CCF107C022246C8600FF2D19 = {
			isa = PBXGroup;
			children = (
				CCF107CB22246C8600FF2D19 /* challenge */,
				CCF107E022246C8800FF2D19 /* challengeTests */,
				CCF107CA22246C8600FF2D19 /* Products */,
			);
			sourceTree = "<group>";
		};
		CCF107CA22246C8600FF2D19 /* Products */ = {
			isa = PBXGroup;
			children = (
				CCF107C922246C8600FF2D19 /* challenge.app */,
				CCF107DD22246C8800FF2D19 /* challengeTests.xctest */,
			);
			name = Products;
			sourceTree = "<group>";
		};
		CCF107CB22246C8600FF2D19 /* challenge */ = {
			isa = PBXGroup;
			children = (
				CCA9A44A22271E190078897B /* Models */,
				CCA9A44922271E000078897B /* Views */,
				CCA9A44822271DCC0078897B /* Controllers */,
				CCA9A445222716F20078897B /* Utils */,
				CCF107CC22246C8600FF2D19 /* AppDelegate.swift */,
				CCF107D022246C8600FF2D19 /* Main.storyboard */,
				CCF107D322246C8800FF2D19 /* Assets.xcassets */,
				CCF107D522246C8800FF2D19 /* LaunchScreen.storyboard */,
				CCF107D822246C8800FF2D19 /* Info.plist */,
			);
			path = challenge;
			sourceTree = "<group>";
		};
		CCF107E022246C8800FF2D19 /* challengeTests */ = {
			isa = PBXGroup;
			children = (
				CCF107E122246C8800FF2D19 /* challengeTests.swift */,
				CCF107E322246C8800FF2D19 /* Info.plist */,
			);
			path = challengeTests;
			sourceTree = "<group>";
		};
/* End PBXGroup section */

/* Begin PBXNativeTarget section */
		CCF107C822246C8600FF2D19 /* challenge */ = {
			isa = PBXNativeTarget;
			buildConfigurationList = CCF107E622246C8800FF2D19 /* Build configuration list for PBXNativeTarget "challenge" */;
			buildPhases = (
				CCF107C522246C8600FF2D19 /* Sources */,
				CCF107C622246C8600FF2D19 /* Frameworks */,
				CCF107C722246C8600FF2D19 /* Resources */,
			);
			buildRules = (
			);
			dependencies = (
			);
			name = challenge;
			productName = challenge;
			productReference = CCF107C922246C8600FF2D19 /* challenge.app */;
			productType = "com.apple.product-type.application";
		};
		CCF107DC22246C8800FF2D19 /* challengeTests */ = {
			isa = PBXNativeTarget;
			buildConfigurationList = CCF107E922246C8800FF2D19 /* Build configuration list for PBXNativeTarget "challengeTests" */;
			buildPhases = (
				CCF107D922246C8800FF2D19 /* Sources */,
				CCF107DA22246C8800FF2D19 /* Frameworks */,
				CCF107DB22246C8800FF2D19 /* Resources */,
			);
			buildRules = (
			);
			dependencies = (
				CCF107DF22246C8800FF2D19 /* PBXTargetDependency */,
			);
			name = challengeTests;
			productName = challengeTests;
			productReference = CCF107DD22246C8800FF2D19 /* challengeTests.xctest */;
			productType = "com.apple.product-type.bundle.unit-test";
		};
/* End PBXNativeTarget section */

/* Begin PBXProject section */
		CCF107C122246C8600FF2D19 /* Project object */ = {
			isa = PBXProject;
			attributes = {
				LastSwiftUpdateCheck = 1010;
				LastUpgradeCheck = 1010;
				ORGANIZATIONNAME = "Karim Dalaize";
				TargetAttributes = {
					CCF107C822246C8600FF2D19 = {
						CreatedOnToolsVersion = 10.1;
					};
					CCF107DC22246C8800FF2D19 = {
						CreatedOnToolsVersion = 10.1;
						TestTargetID = CCF107C822246C8600FF2D19;
					};
				};
			};
			buildConfigurationList = CCF107C422246C8600FF2D19 /* Build configuration list for PBXProject "challenge" */;
			compatibilityVersion = "Xcode 9.3";
			developmentRegion = en;
			hasScannedForEncodings = 0;
			knownRegions = (
				en,
				Base,
			);
			mainGroup = CCF107C022246C8600FF2D19;
			productRefGroup = CCF107CA22246C8600FF2D19 /* Products */;
			projectDirPath = "";
			projectRoot = "";
			targets = (
				CCF107C822246C8600FF2D19 /* challenge */,
				CCF107DC22246C8800FF2D19 /* challengeTests */,
			);
		};
/* End PBXProject section */

/* Begin PBXResourcesBuildPhase section */
		CCF107C722246C8600FF2D19 /* Resources */ = {
			isa = PBXResourcesBuildPhase;
			buildActionMask = 2147483647;
			files = (
				CCF107D722246C8800FF2D19 /* LaunchScreen.storyboard in Resources */,
				CCF107D422246C8800FF2D19 /* Assets.xcassets in Resources */,
				CCF107D222246C8600FF2D19 /* Main.storyboard in Resources */,
			);
			runOnlyForDeploymentPostprocessing = 0;
		};
		CCF107DB22246C8800FF2D19 /* Resources */ = {
			isa = PBXResourcesBuildPhase;
			buildActionMask = 2147483647;
			files = (
			);
			runOnlyForDeploymentPostprocessing = 0;
		};
/* End PBXResourcesBuildPhase section */

/* Begin PBXSourcesBuildPhase section */
		CCF107C522246C8600FF2D19 /* Sources */ = {
			isa = PBXSourcesBuildPhase;
			buildActionMask = 2147483647;
			files = (
				CCF107F22224ABC700FF2D19 /* PersonTableViewController.swift in Sources */,
				CCA9A44C22271E2C0078897B /* Persons.swift in Sources */,
				CCA9A4472227170D0078897B /* Request.swift in Sources */,
				CCFC1B56222DFE5B00980C12 /* FavoritesTableViewController.swift in Sources */,
				CCF107ED22249E3D00FF2D19 /* PersonTableViewCell.swift in Sources */,
				CCF107F52224B5C500FF2D19 /* PersonDetailsViewController.swift in Sources */,
				CCFC1B54222DF9FB00980C12 /* Storage.swift in Sources */,
				CCF107CF22246C8600FF2D19 /* ViewController.swift in Sources */,
				CCF107CD22246C8600FF2D19 /* AppDelegate.swift in Sources */,
			);
			runOnlyForDeploymentPostprocessing = 0;
		};
		CCF107D922246C8800FF2D19 /* Sources */ = {
			isa = PBXSourcesBuildPhase;
			buildActionMask = 2147483647;
			files = (
				CCF107E222246C8800FF2D19 /* challengeTests.swift in Sources */,
			);
			runOnlyForDeploymentPostprocessing = 0;
		};
/* End PBXSourcesBuildPhase section */

/* Begin PBXTargetDependency section */
		CCF107DF22246C8800FF2D19 /* PBXTargetDependency */ = {
			isa = PBXTargetDependency;
			target = CCF107C822246C8600FF2D19 /* challenge */;
			targetProxy = CCF107DE22246C8800FF2D19 /* PBXContainerItemProxy */;
		};
/* End PBXTargetDependency section */

/* Begin PBXVariantGroup section */
		CCF107D022246C8600FF2D19 /* Main.storyboard */ = {
			isa = PBXVariantGroup;
			children = (
				CCF107D122246C8600FF2D19 /* Base */,
			);
			name = Main.storyboard;
			sourceTree = "<group>";
		};
		CCF107D522246C8800FF2D19 /* LaunchScreen.storyboard */ = {
			isa = PBXVariantGroup;
			children = (
				CCF107D622246C8800FF2D19 /* Base */,
			);
			name = LaunchScreen.storyboard;
			sourceTree = "<group>";
		};
/* End PBXVariantGroup section */

/* Begin XCBuildConfiguration section */
		CCF107E422246C8800FF2D19 /* Debug */ = {
			isa = XCBuildConfiguration;
			buildSettings = {
				ALWAYS_SEARCH_USER_PATHS = NO;
				CLANG_ANALYZER_NONNULL = YES;
				CLANG_ANALYZER_NUMBER_OBJECT_CONVERSION = YES_AGGRESSIVE;
				CLANG_CXX_LANGUAGE_STANDARD = "gnu++14";
				CLANG_CXX_LIBRARY = "libc++";
				CLANG_ENABLE_MODULES = YES;
				CLANG_ENABLE_OBJC_ARC = YES;
				CLANG_ENABLE_OBJC_WEAK = YES;
				CLANG_WARN_BLOCK_CAPTURE_AUTORELEASING = YES;
				CLANG_WARN_BOOL_CONVERSION = YES;
				CLANG_WARN_COMMA = YES;
				CLANG_WARN_CONSTANT_CONVERSION = YES;
				CLANG_WARN_DEPRECATED_OBJC_IMPLEMENTATIONS = YES;
				CLANG_WARN_DIRECT_OBJC_ISA_USAGE = YES_ERROR;
				CLANG_WARN_DOCUMENTATION_COMMENTS = YES;
				CLANG_WARN_EMPTY_BODY = YES;
				CLANG_WARN_ENUM_CONVERSION = YES;
				CLANG_WARN_INFINITE_RECURSION = YES;
				CLANG_WARN_INT_CONVERSION = YES;
				CLANG_WARN_NON_LITERAL_NULL_CONVERSION = YES;
				CLANG_WARN_OBJC_IMPLICIT_RETAIN_SELF = YES;
				CLANG_WARN_OBJC_LITERAL_CONVERSION = YES;
				CLANG_WARN_OBJC_ROOT_CLASS = YES_ERROR;
				CLANG_WARN_RANGE_LOOP_ANALYSIS = YES;
				CLANG_WARN_STRICT_PROTOTYPES = YES;
				CLANG_WARN_SUSPICIOUS_MOVE = YES;
				CLANG_WARN_UNGUARDED_AVAILABILITY = YES_AGGRESSIVE;
				CLANG_WARN_UNREACHABLE_CODE = YES;
				CLANG_WARN__DUPLICATE_METHOD_MATCH = YES;
				CODE_SIGN_IDENTITY = "iPhone Developer";
				COPY_PHASE_STRIP = NO;
				DEBUG_INFORMATION_FORMAT = dwarf;
				ENABLE_STRICT_OBJC_MSGSEND = YES;
				ENABLE_TESTABILITY = YES;
				GCC_C_LANGUAGE_STANDARD = gnu11;
				GCC_DYNAMIC_NO_PIC = NO;
				GCC_NO_COMMON_BLOCKS = YES;
				GCC_OPTIMIZATION_LEVEL = 0;
				GCC_PREPROCESSOR_DEFINITIONS = (
					"DEBUG=1",
					"$(inherited)",
				);
				GCC_WARN_64_TO_32_BIT_CONVERSION = YES;
				GCC_WARN_ABOUT_RETURN_TYPE = YES_ERROR;
				GCC_WARN_UNDECLARED_SELECTOR = YES;
				GCC_WARN_UNINITIALIZED_AUTOS = YES_AGGRESSIVE;
				GCC_WARN_UNUSED_FUNCTION = YES;
				GCC_WARN_UNUSED_VARIABLE = YES;
				IPHONEOS_DEPLOYMENT_TARGET = 12.1;
				MTL_ENABLE_DEBUG_INFO = INCLUDE_SOURCE;
				MTL_FAST_MATH = YES;
				ONLY_ACTIVE_ARCH = YES;
				SDKROOT = iphoneos;
				SWIFT_ACTIVE_COMPILATION_CONDITIONS = DEBUG;
				SWIFT_OPTIMIZATION_LEVEL = "-Onone";
			};
			name = Debug;
		};
		CCF107E522246C8800FF2D19 /* Release */ = {
			isa = XCBuildConfiguration;
			buildSettings = {
				ALWAYS_SEARCH_USER_PATHS = NO;
				CLANG_ANALYZER_NONNULL = YES;
				CLANG_ANALYZER_NUMBER_OBJECT_CONVERSION = YES_AGGRESSIVE;
				CLANG_CXX_LANGUAGE_STANDARD = "gnu++14";
				CLANG_CXX_LIBRARY = "libc++";
				CLANG_ENABLE_MODULES = YES;
				CLANG_ENABLE_OBJC_ARC = YES;
				CLANG_ENABLE_OBJC_WEAK = YES;
				CLANG_WARN_BLOCK_CAPTURE_AUTORELEASING = YES;
				CLANG_WARN_BOOL_CONVERSION = YES;
				CLANG_WARN_COMMA = YES;
				CLANG_WARN_CONSTANT_CONVERSION = YES;
				CLANG_WARN_DEPRECATED_OBJC_IMPLEMENTATIONS = YES;
				CLANG_WARN_DIRECT_OBJC_ISA_USAGE = YES_ERROR;
				CLANG_WARN_DOCUMENTATION_COMMENTS = YES;
				CLANG_WARN_EMPTY_BODY = YES;
				CLANG_WARN_ENUM_CONVERSION = YES;
				CLANG_WARN_INFINITE_RECURSION = YES;
				CLANG_WARN_INT_CONVERSION = YES;
				CLANG_WARN_NON_LITERAL_NULL_CONVERSION = YES;
				CLANG_WARN_OBJC_IMPLICIT_RETAIN_SELF = YES;
				CLANG_WARN_OBJC_LITERAL_CONVERSION = YES;
				CLANG_WARN_OBJC_ROOT_CLASS = YES_ERROR;
				CLANG_WARN_RANGE_LOOP_ANALYSIS = YES;
				CLANG_WARN_STRICT_PROTOTYPES = YES;
				CLANG_WARN_SUSPICIOUS_MOVE = YES;
				CLANG_WARN_UNGUARDED_AVAILABILITY = YES_AGGRESSIVE;
				CLANG_WARN_UNREACHABLE_CODE = YES;
				CLANG_WARN__DUPLICATE_METHOD_MATCH = YES;
				CODE_SIGN_IDENTITY = "iPhone Developer";
				COPY_PHASE_STRIP = NO;
				DEBUG_INFORMATION_FORMAT = "dwarf-with-dsym";
				ENABLE_NS_ASSERTIONS = NO;
				ENABLE_STRICT_OBJC_MSGSEND = YES;
				GCC_C_LANGUAGE_STANDARD = gnu11;
				GCC_NO_COMMON_BLOCKS = YES;
				GCC_WARN_64_TO_32_BIT_CONVERSION = YES;
				GCC_WARN_ABOUT_RETURN_TYPE = YES_ERROR;
				GCC_WARN_UNDECLARED_SELECTOR = YES;
				GCC_WARN_UNINITIALIZED_AUTOS = YES_AGGRESSIVE;
				GCC_WARN_UNUSED_FUNCTION = YES;
				GCC_WARN_UNUSED_VARIABLE = YES;
				IPHONEOS_DEPLOYMENT_TARGET = 12.1;
				MTL_ENABLE_DEBUG_INFO = NO;
				MTL_FAST_MATH = YES;
				SDKROOT = iphoneos;
				SWIFT_COMPILATION_MODE = wholemodule;
				SWIFT_OPTIMIZATION_LEVEL = "-O";
				VALIDATE_PRODUCT = YES;
			};
			name = Release;
		};
		CCF107E722246C8800FF2D19 /* Debug */ = {
			isa = XCBuildConfiguration;
			buildSettings = {
				ASSETCATALOG_COMPILER_APPICON_NAME = AppIcon;
				CODE_SIGN_STYLE = Automatic;
				DEVELOPMENT_TEAM = 5YC959LU35;
				INFOPLIST_FILE = challenge/Info.plist;
				LD_RUNPATH_SEARCH_PATHS = (
					"$(inherited)",
					"@executable_path/Frameworks",
				);
				PRODUCT_BUNDLE_IDENTIFIER = kd.challenge;
				PRODUCT_NAME = "$(TARGET_NAME)";
				SWIFT_VERSION = 4.2;
				TARGETED_DEVICE_FAMILY = "1,2";
			};
			name = Debug;
		};
		CCF107E822246C8800FF2D19 /* Release */ = {
			isa = XCBuildConfiguration;
			buildSettings = {
				ASSETCATALOG_COMPILER_APPICON_NAME = AppIcon;
				CODE_SIGN_STYLE = Automatic;
				DEVELOPMENT_TEAM = 5YC959LU35;
				INFOPLIST_FILE = challenge/Info.plist;
				LD_RUNPATH_SEARCH_PATHS = (
					"$(inherited)",
					"@executable_path/Frameworks",
				);
				PRODUCT_BUNDLE_IDENTIFIER = kd.challenge;
				PRODUCT_NAME = "$(TARGET_NAME)";
				SWIFT_VERSION = 4.2;
				TARGETED_DEVICE_FAMILY = "1,2";
			};
			name = Release;
		};
		CCF107EA22246C8800FF2D19 /* Debug */ = {
			isa = XCBuildConfiguration;
			buildSettings = {
				ALWAYS_EMBED_SWIFT_STANDARD_LIBRARIES = YES;
				BUNDLE_LOADER = "$(TEST_HOST)";
				CODE_SIGN_STYLE = Automatic;
				DEVELOPMENT_TEAM = 5YC959LU35;
				INFOPLIST_FILE = challengeTests/Info.plist;
				LD_RUNPATH_SEARCH_PATHS = (
					"$(inherited)",
					"@executable_path/Frameworks",
					"@loader_path/Frameworks",
				);
				PRODUCT_BUNDLE_IDENTIFIER = kd.challengeTests;
				PRODUCT_NAME = "$(TARGET_NAME)";
				SWIFT_VERSION = 4.2;
				TARGETED_DEVICE_FAMILY = "1,2";
				TEST_HOST = "$(BUILT_PRODUCTS_DIR)/challenge.app/challenge";
			};
			name = Debug;
		};
		CCF107EB22246C8800FF2D19 /* Release */ = {
			isa = XCBuildConfiguration;
			buildSettings = {
				ALWAYS_EMBED_SWIFT_STANDARD_LIBRARIES = YES;
				BUNDLE_LOADER = "$(TEST_HOST)";
				CODE_SIGN_STYLE = Automatic;
				DEVELOPMENT_TEAM = 5YC959LU35;
				INFOPLIST_FILE = challengeTests/Info.plist;
				LD_RUNPATH_SEARCH_PATHS = (
					"$(inherited)",
					"@executable_path/Frameworks",
					"@loader_path/Frameworks",
				);
				PRODUCT_BUNDLE_IDENTIFIER = kd.challengeTests;
				PRODUCT_NAME = "$(TARGET_NAME)";
				SWIFT_VERSION = 4.2;
				TARGETED_DEVICE_FAMILY = "1,2";
				TEST_HOST = "$(BUILT_PRODUCTS_DIR)/challenge.app/challenge";
			};
			name = Release;
		};
/* End XCBuildConfiguration section */

/* Begin XCConfigurationList section */
		CCF107C422246C8600FF2D19 /* Build configuration list for PBXProject "challenge" */ = {
			isa = XCConfigurationList;
			buildConfigurations = (
				CCF107E422246C8800FF2D19 /* Debug */,
				CCF107E522246C8800FF2D19 /* Release */,
			);
			defaultConfigurationIsVisible = 0;
			defaultConfigurationName = Release;
		};
		CCF107E622246C8800FF2D19 /* Build configuration list for PBXNativeTarget "challenge" */ = {
			isa = XCConfigurationList;
			buildConfigurations = (
				CCF107E722246C8800FF2D19 /* Debug */,
				CCF107E822246C8800FF2D19 /* Release */,
			);
			defaultConfigurationIsVisible = 0;
			defaultConfigurationName = Release;
		};
		CCF107E922246C8800FF2D19 /* Build configuration list for PBXNativeTarget "challengeTests" */ = {
			isa = XCConfigurationList;
			buildConfigurations = (
				CCF107EA22246C8800FF2D19 /* Debug */,
				CCF107EB22246C8800FF2D19 /* Release */,
			);
			defaultConfigurationIsVisible = 0;
			defaultConfigurationName = Release;
		};
/* End XCConfigurationList section */
	};
	rootObject = CCF107C122246C8600FF2D19 /* Project object */;
}
